<?xml version="1.0" encoding="utf-8"?>
<Project ToolsVersion="4.0" xmlns="http://schemas.microsoft.com/developer/msbuild/2003">
  <ItemGroup>
    <ClCompile Include="main.cpp" />
    <ClCompile Include="util\ini.cpp">
      <Filter>util</Filter>
    </ClCompile>
    <ClCompile Include="common\global.cpp">
      <Filter>common</Filter>
    </ClCompile>
    <ClCompile Include="common\server.cpp">
      <Filter>common</Filter>
    </ClCompile>
    <ClCompile Include="worker\epoll_server.cpp">
      <Filter>worker</Filter>
    </ClCompile>
    <ClCompile Include="core\logger.cpp">
      <Filter>core</Filter>
    </ClCompile>
    <ClCompile Include="core\db_pool.cpp">
      <Filter>core</Filter>
    </ClCompile>
    <ClCompile Include="core\db_server.cpp">
      <Filter>core</Filter>
    </ClCompile>
  </ItemGroup>
  <ItemGroup>
    <Filter Include="common">
      <UniqueIdentifier>{08208185-4bb4-4334-9051-276f8cfdf004}</UniqueIdentifier>
    </Filter>
    <Filter Include="util">
      <UniqueIdentifier>{dcf64d4e-beb0-4063-b0a8-584e384042f0}</UniqueIdentifier>
    </Filter>
    <Filter Include="worker">
      <UniqueIdentifier>{b57145f9-e393-41e1-9303-f52457e787eb}</UniqueIdentifier>
    </Filter>
    <Filter Include="core">
      <UniqueIdentifier>{d18ab25d-71a1-4208-bbc2-069fa6b561da}</UniqueIdentifier>
    </Filter>
  </ItemGroup>
  <ItemGroup>
    <ClInclude Include="util\ini.h">
      <Filter>util</Filter>
    </ClInclude>
    <ClInclude Include="common\global.h">
      <Filter>common</Filter>
    </ClInclude>
    <ClInclude Include="common\server.h">
      <Filter>common</Filter>
    </ClInclude>
    <ClInclude Include="worker\base_task.h">
      <Filter>worker</Filter>
    </ClInclude>
    <ClInclude Include="util\cond_locker.h">
      <Filter>util</Filter>
    </ClInclude>
    <ClInclude Include="util\sem_locker.h">
      <Filter>util</Filter>
    </ClInclude>
    <ClInclude Include="util\mutex_locker.h">
      <Filter>util</Filter>
    </ClInclude>
    <ClInclude Include="worker\thread_pool.h">
      <Filter>worker</Filter>
    </ClInclude>
    <ClInclude Include="worker\task.h">
      <Filter>worker</Filter>
    </ClInclude>
    <ClInclude Include="worker\epoll_server.h">
      <Filter>worker</Filter>
    </ClInclude>
    <ClInclude Include="core\logger.h">
      <Filter>core</Filter>
    </ClInclude>
    <ClInclude Include="core\db_pool.h">
      <Filter>core</Filter>
    </ClInclude>
    <ClInclude Include="core\db_server.h">
      <Filter>core</Filter>
    </ClInclude>
  </ItemGroup>
  <ItemGroup>
    <None Include="config.ini" />
  </ItemGroup>
</Project>